uuid: 4769d310-2e0d-40b9-b070-efe36a6ac2a3
langcode: en
status: true
dependencies:
  module:
    - ctools
    - mapplic_maps
    - system
id: mapplicmapsblock
region: content
weight: -15
provider: null
plugin: mapplic_maps_block
settings:
  id: mapplic_maps_block
  label: 'Mapplic Maps Block'
  provider: mapplic_maps
  label_display: '0'
visibility:
  'entity_bundle:node':
    id: 'entity_bundle:node'
    bundles:
      article: article
    negate: false
    context_mapping:
      node: '@node.node_route_context:node'
  request_path:
    id: request_path
    pages: /deutschlandlandkarte
    negate: false
    context_mapping: {  }
