uuid: f4545473-d529-45a2-b8e5-65a8c4964d6c
langcode: en
status: true
dependencies:
  module:
    - ctools
    - mapplic_maps
    - system
id: mapplicmapsworldblock
region: content
weight: -15
provider: null
plugin: mapplic_maps_world_block
settings:
  id: mapplic_maps_world_block
  label: 'Mapplic Maps World block'
  provider: mapplic_maps
  label_display: '0'
visibility:
  'entity_bundle:node':
    id: 'entity_bundle:node'
    bundles:
      article: article
    negate: false
    context_mapping:
      node: '@node.node_route_context:node'
  request_path:
    id: request_path
    pages: /map/weltkarte
    negate: false
    context_mapping: {  }
