uuid: 2ce622bd-810a-4844-ba36-f19da75a60f0
langcode: de
status: true
dependencies:
  module:
    - mapplic_maps
    - system
  theme:
    - smartschool
id: mapplicmapsgermanyblock
theme: smartschool
region: content
weight: 0
provider: null
plugin: mapplic_maps_germany_block
settings:
  id: mapplic_maps_germany_block
  label: 'Mapplic Maps Germany block'
  provider: mapplic_maps
  label_display: visible
visibility:
  request_path:
    id: request_path
    pages: /germany
    negate: false
    context_mapping: {  }
